
Microsoft Visual Studio Solution File, Format Version 9.00
# Visual Studio 2005
Project("{8BC9CEB8-8B4A-11D0-8D11-00A0C91BC942}") = "SampleApp", "..\SampleApp\SampleApp\SampleApp.vcproj", "{D54DF92F-A900-4754-A715-72D6D061D459}"
EndProject
Project("{8BC9CEB8-8B4A-11D0-8D11-00A0C91BC942}") = "From", "..\From\From\From.vcproj", "{C58E7481-FA1C-4C31-9838-7F97F97855A7}"
	ProjectSection(ProjectDependencies) = postProject
		{D54DF92F-A900-4754-A715-72D6D061D459} = {D54DF92F-A900-4754-A715-72D6D061D459}
	EndProjectSection
EndProject
Global
	GlobalSection(SolutionConfigurationPlatforms) = preSolution
		Debug|Win32 = Debug|Win32
		Release|Win32 = Release|Win32
	EndGlobalSection
	GlobalSection(ProjectConfigurationPlatforms) = postSolution
		{D54DF92F-A900-4754-A715-72D6D061D459}.Debug|Win32.ActiveCfg = Debug|Win32
		{D54DF92F-A900-4754-A715-72D6D061D459}.Debug|Win32.Build.0 = Debug|Win32
		{D54DF92F-A900-4754-A715-72D6D061D459}.Release|Win32.ActiveCfg = Release|Win32
		{D54DF92F-A900-4754-A715-72D6D061D459}.Release|Win32.Build.0 = Release|Win32
		{C58E7481-FA1C-4C31-9838-7F97F97855A7}.Debug|Win32.ActiveCfg = Debug|Win32
		{C58E7481-FA1C-4C31-9838-7F97F97855A7}.Debug|Win32.Build.0 = Debug|Win32
		{C58E7481-FA1C-4C31-9838-7F97F97855A7}.Release|Win32.ActiveCfg = Release|Win32
		{C58E7481-FA1C-4C31-9838-7F97F97855A7}.Release|Win32.Build.0 = Release|Win32
	EndGlobalSection
	GlobalSection(SolutionProperties) = preSolution
		HideSolutionNode = FALSE
	EndGlobalSection
EndGlobal
